
Microsoft Visual Studio Solution File, Format Version 12.00
# Visual Studio Version 17
VisualStudioVersion = 17.9.34622.214
MinimumVisualStudioVersion = 10.0.40219.1
Project("{FAE04EC0-301F-11D3-BF4B-00C04F79EFBC}") = "ProyectoColegio", "ProyectoColegio\ProyectoColegio.csproj", "{FA417F0F-336F-4D99-87BF-63A35036A414}"
EndProject
Global
	GlobalSection(SolutionConfigurationPlatforms) = preSolution
		Debug|Any CPU = Debug|Any CPU
		Release|Any CPU = Release|Any CPU
	EndGlobalSection
	GlobalSection(ProjectConfigurationPlatforms) = postSolution
		{FA417F0F-336F-4D99-87BF-63A35036A414}.Debug|Any CPU.ActiveCfg = Debug|Any CPU
		{FA417F0F-336F-4D99-87BF-63A35036A414}.Debug|Any CPU.Build.0 = Debug|Any CPU
		{FA417F0F-336F-4D99-87BF-63A35036A414}.Release|Any CPU.ActiveCfg = Release|Any CPU
		{FA417F0F-336F-4D99-87BF-63A35036A414}.Release|Any CPU.Build.0 = Release|Any CPU
	EndGlobalSection
	GlobalSection(SolutionProperties) = preSolution
		HideSolutionNode = FALSE
	EndGlobalSection
	GlobalSection(ExtensibilityGlobals) = postSolution
		SolutionGuid = {3DD50DD5-C631-431E-BD87-D32CBD30EB86}
	EndGlobalSection
EndGlobal
